
Microsoft Visual Studio Solution File, Format Version 12.00
# Visual Studio Version 16
VisualStudioVersion = 16.0.30011.22
MinimumVisualStudioVersion = 10.0.40219.1
Project("{9A19103F-16F7-4668-BE54-9A1E7A4F7556}") = "DocumentProcessor.Api", "DocumentProcessor.Api\DocumentProcessor.Api.csproj", "{9C0F20BE-FA09-4680-9FA0-E29A3F6E1E30}"
EndProject
Global
	GlobalSection(SolutionConfigurationPlatforms) = preSolution
		Debug|Any CPU = Debug|Any CPU
		Release|Any CPU = Release|Any CPU
	EndGlobalSection
	GlobalSection(ProjectConfigurationPlatforms) = postSolution
		{9C0F20BE-FA09-4680-9FA0-E29A3F6E1E30}.Debug|Any CPU.ActiveCfg = Debug|Any CPU
		{9C0F20BE-FA09-4680-9FA0-E29A3F6E1E30}.Debug|Any CPU.Build.0 = Debug|Any CPU
		{9C0F20BE-FA09-4680-9FA0-E29A3F6E1E30}.Release|Any CPU.ActiveCfg = Release|Any CPU
		{9C0F20BE-FA09-4680-9FA0-E29A3F6E1E30}.Release|Any CPU.Build.0 = Release|Any CPU
	EndGlobalSection
	GlobalSection(SolutionProperties) = preSolution
		HideSolutionNode = FALSE
	EndGlobalSection
	GlobalSection(ExtensibilityGlobals) = postSolution
		SolutionGuid = {3701066F-6606-4EC1-9B58-6A7D9FEA3545}
	EndGlobalSection
EndGlobal
